
Microsoft Visual Studio Solution File, Format Version 12.00
# Visual Studio Version 17
VisualStudioVersion = 17.7.34202.233
MinimumVisualStudioVersion = 10.0.40219.1
Project("{FAE04EC0-301F-11D3-BF4B-00C04F79EFBC}") = "UsuariosApi", "UsuariosApi\UsuariosApi.csproj", "{E0BEB111-CF4B-446E-A76C-8D3C14C245DF}"
EndProject
Global
	GlobalSection(SolutionConfigurationPlatforms) = preSolution
		Debug|Any CPU = Debug|Any CPU
		Release|Any CPU = Release|Any CPU
	EndGlobalSection
	GlobalSection(ProjectConfigurationPlatforms) = postSolution
		{E0BEB111-CF4B-446E-A76C-8D3C14C245DF}.Debug|Any CPU.ActiveCfg = Debug|Any CPU
		{E0BEB111-CF4B-446E-A76C-8D3C14C245DF}.Debug|Any CPU.Build.0 = Debug|Any CPU
		{E0BEB111-CF4B-446E-A76C-8D3C14C245DF}.Release|Any CPU.ActiveCfg = Release|Any CPU
		{E0BEB111-CF4B-446E-A76C-8D3C14C245DF}.Release|Any CPU.Build.0 = Release|Any CPU
	EndGlobalSection
	GlobalSection(SolutionProperties) = preSolution
		HideSolutionNode = FALSE
	EndGlobalSection
	GlobalSection(ExtensibilityGlobals) = postSolution
		SolutionGuid = {942D614B-B835-4A8C-82CB-4D6A45E72D70}
	EndGlobalSection
EndGlobal
